# This file was autogenerated by uv via the following command:
#    uv pip compile pyproject.toml -o uv.lock
bidict==0.23.1
    # via
    #   air-load-test-module (pyproject.toml)
    #   python-socketio
blinker==1.9.0
    # via
    #   air-load-test-module (pyproject.toml)
    #   flask
brotli==1.1.0
    # via
    #   air-load-test-module (pyproject.toml)
    #   geventhttpclient
certifi==2025.8.3
    # via
    #   air-load-test-module (pyproject.toml)
    #   geventhttpclient
    #   requests
charset-normalizer==3.4.2
    # via
    #   air-load-test-module (pyproject.toml)
    #   requests
click==8.2.1
    # via
    #   air-load-test-module (pyproject.toml)
    #   flask
configargparse==1.7.1
    # via
    #   air-load-test-module (pyproject.toml)
    #   locust
    #   locust-cloud
flask==3.1.1
    # via
    #   air-load-test-module (pyproject.toml)
    #   flask-cors
    #   flask-login
    #   locust
flask-cors==6.0.1
    # via
    #   air-load-test-module (pyproject.toml)
    #   locust
flask-login==0.6.3
    # via
    #   air-load-test-module (pyproject.toml)
    #   locust
gevent==25.5.1
    # via
    #   air-load-test-module (pyproject.toml)
    #   geventhttpclient
    #   locust
    #   locust-cloud
geventhttpclient==2.3.4
    # via
    #   air-load-test-module (pyproject.toml)
    #   locust
greenlet==3.2.3
    # via
    #   air-load-test-module (pyproject.toml)
    #   gevent
h11==0.16.0
    # via
    #   air-load-test-module (pyproject.toml)
    #   wsproto
idna==3.10
    # via
    #   air-load-test-module (pyproject.toml)
    #   requests
itsdangerous==2.2.0
    # via
    #   air-load-test-module (pyproject.toml)
    #   flask
jinja2==3.1.6
    # via
    #   air-load-test-module (pyproject.toml)
    #   flask
locust==2.37.14
    # via air-load-test-module (pyproject.toml)
locust-cloud==1.26.3
    # via
    #   air-load-test-module (pyproject.toml)
    #   locust
markupsafe==3.0.2
    # via
    #   air-load-test-module (pyproject.toml)
    #   flask
    #   jinja2
    #   werkzeug
msgpack==1.1.1
    # via
    #   air-load-test-module (pyproject.toml)
    #   locust
neo4j==5.28.1
    # via air-load-test-module (pyproject.toml)
platformdirs==4.3.8
    # via
    #   air-load-test-module (pyproject.toml)
    #   locust-cloud
psutil==7.0.0
    # via
    #   air-load-test-module (pyproject.toml)
    #   locust
python-engineio==4.12.2
    # via
    #   air-load-test-module (pyproject.toml)
    #   locust-cloud
    #   python-socketio
python-socketio==5.13.0
    # via
    #   air-load-test-module (pyproject.toml)
    #   locust-cloud
pytz==2025.2
    # via
    #   air-load-test-module (pyproject.toml)
    #   neo4j
pyzmq==27.0.1
    # via
    #   air-load-test-module (pyproject.toml)
    #   locust
requests==2.32.4
    # via
    #   air-load-test-module (pyproject.toml)
    #   locust
    #   python-socketio
setuptools==80.9.0
    # via
    #   air-load-test-module (pyproject.toml)
    #   locust
    #   zope-event
    #   zope-interface
simple-websocket==1.1.0
    # via
    #   air-load-test-module (pyproject.toml)
    #   python-engineio
urllib3==2.5.0
    # via
    #   air-load-test-module (pyproject.toml)
    #   geventhttpclient
    #   requests
websocket-client==1.8.0
    # via
    #   air-load-test-module (pyproject.toml)
    #   python-socketio
werkzeug==3.1.3
    # via
    #   air-load-test-module (pyproject.toml)
    #   flask
    #   flask-cors
    #   flask-login
    #   locust
wsproto==1.2.0
    # via
    #   air-load-test-module (pyproject.toml)
    #   simple-websocket
zope-event==5.1.1
    # via
    #   air-load-test-module (pyproject.toml)
    #   gevent
zope-interface==7.2
    # via
    #   air-load-test-module (pyproject.toml)
    #   gevent
